
Microsoft Visual Studio Solution File, Format Version 12.00
# Visual Studio Version 17
VisualStudioVersion = 17.1.31911.260
MinimumVisualStudioVersion = 10.0.40219.1
Project("{FAE04EC0-301F-11D3-BF4B-00C04F79EFBC}") = "WebApplication9", "WebApplication9\WebApplication9.csproj", "{BA470E6D-A653-441C-B4A4-0CBF8655536A}"
EndProject
Global
	GlobalSection(SolutionConfigurationPlatforms) = preSolution
		Debug|Any CPU = Debug|Any CPU
		Release|Any CPU = Release|Any CPU
	EndGlobalSection
	GlobalSection(ProjectConfigurationPlatforms) = postSolution
		{BA470E6D-A653-441C-B4A4-0CBF8655536A}.Debug|Any CPU.ActiveCfg = Debug|Any CPU
		{BA470E6D-A653-441C-B4A4-0CBF8655536A}.Debug|Any CPU.Build.0 = Debug|Any CPU
		{BA470E6D-A653-441C-B4A4-0CBF8655536A}.Release|Any CPU.ActiveCfg = Release|Any CPU
		{BA470E6D-A653-441C-B4A4-0CBF8655536A}.Release|Any CPU.Build.0 = Release|Any CPU
	EndGlobalSection
	GlobalSection(SolutionProperties) = preSolution
		HideSolutionNode = FALSE
	EndGlobalSection
	GlobalSection(ExtensibilityGlobals) = postSolution
		SolutionGuid = {06F1C4E1-EEB4-461D-8363-3FC9CB0599D6}
	EndGlobalSection
EndGlobal
